// !$*UTF8*$!
{
	archiveVersion = 1;
	classes = {
	};
	objectVersion = 56;
	objects = {

/* Begin PBXBuildFile section */
		02532AE52B88FD57001865A5 /* BullseyeApp.swift in Sources */ = {isa = PBXBuildFile; fileRef = 02532AE42B88FD57001865A5 /* BullseyeApp.swift */; };
		02532AE72B88FD57001865A5 /* ContentView.swift in Sources */ = {isa = PBXBuildFile; fileRef = 02532AE62B88FD57001865A5 /* ContentView.swift */; };
		02532AE92B88FD58001865A5 /* Assets.xcassets in Resources */ = {isa = PBXBuildFile; fileRef = 02532AE82B88FD58001865A5 /* Assets.xcassets */; };
		02532AEC2B88FD58001865A5 /* Preview Assets.xcassets in Resources */ = {isa = PBXBuildFile; fileRef = 02532AEB2B88FD58001865A5 /* Preview Assets.xcassets */; };
		02532AF72B890A86001865A5 /* Game.swift in Sources */ = {isa = PBXBuildFile; fileRef = 02532AF62B890A86001865A5 /* Game.swift */; };
		02532AFF2B891297001865A5 /* BullseyeTests.swift in Sources */ = {isa = PBXBuildFile; fileRef = 02532AFE2B891297001865A5 /* BullseyeTests.swift */; };
		02532B062B891F93001865A5 /* TextViews.swift in Sources */ = {isa = PBXBuildFile; fileRef = 02532B052B891F93001865A5 /* TextViews.swift */; };
		02532B082B89318E001865A5 /* Shapes.swift in Sources */ = {isa = PBXBuildFile; fileRef = 02532B072B89318E001865A5 /* Shapes.swift */; };
		02532B0A2B893E32001865A5 /* RoundImageViewStroked.swift in Sources */ = {isa = PBXBuildFile; fileRef = 02532B092B893E32001865A5 /* RoundImageViewStroked.swift */; };
		02532B0C2B8941B9001865A5 /* BackgroundView.swift in Sources */ = {isa = PBXBuildFile; fileRef = 02532B0B2B8941B9001865A5 /* BackgroundView.swift */; };
		02532B0E2B8982F4001865A5 /* PointsView.swift in Sources */ = {isa = PBXBuildFile; fileRef = 02532B0D2B8982F4001865A5 /* PointsView.swift */; };
		02532B102B899123001865A5 /* Constants.swift in Sources */ = {isa = PBXBuildFile; fileRef = 02532B0F2B899123001865A5 /* Constants.swift */; };
		02532B142B8A2F70001865A5 /* LeaderboardView.swift in Sources */ = {isa = PBXBuildFile; fileRef = 02532B132B8A2F70001865A5 /* LeaderboardView.swift */; };
/* End PBXBuildFile section */

/* Begin PBXContainerItemProxy section */
		02532B002B891297001865A5 /* PBXContainerItemProxy */ = {
			isa = PBXContainerItemProxy;
			containerPortal = 02532AD92B88FD57001865A5 /* Project object */;
			proxyType = 1;
			remoteGlobalIDString = 02532AE02B88FD57001865A5;
			remoteInfo = Bullseye;
		};
/* End PBXContainerItemProxy section */

/* Begin PBXFileReference section */
		02532AE12B88FD57001865A5 /* Bullseye.app */ = {isa = PBXFileReference; explicitFileType = wrapper.application; includeInIndex = 0; path = Bullseye.app; sourceTree = BUILT_PRODUCTS_DIR; };
		02532AE42B88FD57001865A5 /* BullseyeApp.swift */ = {isa = PBXFileReference; lastKnownFileType = sourcecode.swift; path = BullseyeApp.swift; sourceTree = "<group>"; };
		02532AE62B88FD57001865A5 /* ContentView.swift */ = {isa = PBXFileReference; lastKnownFileType = sourcecode.swift; path = ContentView.swift; sourceTree = "<group>"; };
		02532AE82B88FD58001865A5 /* Assets.xcassets */ = {isa = PBXFileReference; lastKnownFileType = folder.assetcatalog; path = Assets.xcassets; sourceTree = "<group>"; };
		02532AEB2B88FD58001865A5 /* Preview Assets.xcassets */ = {isa = PBXFileReference; lastKnownFileType = folder.assetcatalog; path = "Preview Assets.xcassets"; sourceTree = "<group>"; };
		02532AF62B890A86001865A5 /* Game.swift */ = {isa = PBXFileReference; lastKnownFileType = sourcecode.swift; path = Game.swift; sourceTree = "<group>"; };
		02532AFC2B891297001865A5 /* BullseyeTests.xctest */ = {isa = PBXFileReference; explicitFileType = wrapper.cfbundle; includeInIndex = 0; path = BullseyeTests.xctest; sourceTree = BUILT_PRODUCTS_DIR; };
		02532AFE2B891297001865A5 /* BullseyeTests.swift */ = {isa = PBXFileReference; lastKnownFileType = sourcecode.swift; path = BullseyeTests.swift; sourceTree = "<group>"; };
		02532B052B891F93001865A5 /* TextViews.swift */ = {isa = PBXFileReference; lastKnownFileType = sourcecode.swift; path = TextViews.swift; sourceTree = "<group>"; };
		02532B072B89318E001865A5 /* Shapes.swift */ = {isa = PBXFileReference; lastKnownFileType = sourcecode.swift; path = Shapes.swift; sourceTree = "<group>"; };
		02532B092B893E32001865A5 /* RoundImageViewStroked.swift */ = {isa = PBXFileReference; lastKnownFileType = sourcecode.swift; path = RoundImageViewStroked.swift; sourceTree = "<group>"; };
		02532B0B2B8941B9001865A5 /* BackgroundView.swift */ = {isa = PBXFileReference; lastKnownFileType = sourcecode.swift; path = BackgroundView.swift; sourceTree = "<group>"; };
		02532B0D2B8982F4001865A5 /* PointsView.swift */ = {isa = PBXFileReference; lastKnownFileType = sourcecode.swift; path = PointsView.swift; sourceTree = "<group>"; };
		02532B0F2B899123001865A5 /* Constants.swift */ = {isa = PBXFileReference; lastKnownFileType = sourcecode.swift; path = Constants.swift; sourceTree = "<group>"; };
		02532B132B8A2F70001865A5 /* LeaderboardView.swift */ = {isa = PBXFileReference; lastKnownFileType = sourcecode.swift; path = LeaderboardView.swift; sourceTree = "<group>"; };
/* End PBXFileReference section */

/* Begin PBXFrameworksBuildPhase section */
		02532ADE2B88FD57001865A5 /* Frameworks */ = {
			isa = PBXFrameworksBuildPhase;
			buildActionMask = 2147483647;
			files = (
			);
			runOnlyForDeploymentPostprocessing = 0;
		};
		02532AF92B891297001865A5 /* Frameworks */ = {
			isa = PBXFrameworksBuildPhase;
			buildActionMask = 2147483647;
			files = (
			);
			runOnlyForDeploymentPostprocessing = 0;
		};
/* End PBXFrameworksBuildPhase section */

/* Begin PBXGroup section */
		02532AD82B88FD57001865A5 = {
			isa = PBXGroup;
			children = (
				02532AE32B88FD57001865A5 /* Bullseye */,
				02532AFD2B891297001865A5 /* BullseyeTests */,
				02532AE22B88FD57001865A5 /* Products */,
			);
			sourceTree = "<group>";
		};
		02532AE22B88FD57001865A5 /* Products */ = {
			isa = PBXGroup;
			children = (
				02532AE12B88FD57001865A5 /* Bullseye.app */,
				02532AFC2B891297001865A5 /* BullseyeTests.xctest */,
			);
			name = Products;
			sourceTree = "<group>";
		};
		02532AE32B88FD57001865A5 /* Bullseye */ = {
			isa = PBXGroup;
			children = (
				02532AF52B890A63001865A5 /* App */,
				02532AF42B890A54001865A5 /* Views */,
				02532AF22B890A3A001865A5 /* Models */,
				02532AEA2B88FD58001865A5 /* Preview Content */,
			);
			path = Bullseye;
			sourceTree = "<group>";
		};
		02532AEA2B88FD58001865A5 /* Preview Content */ = {
			isa = PBXGroup;
			children = (
				02532AEB2B88FD58001865A5 /* Preview Assets.xcassets */,
			);
			path = "Preview Content";
			sourceTree = "<group>";
		};
		02532AF22B890A3A001865A5 /* Models */ = {
			isa = PBXGroup;
			children = (
				02532AF62B890A86001865A5 /* Game.swift */,
				02532B0F2B899123001865A5 /* Constants.swift */,
			);
			path = Models;
			sourceTree = "<group>";
		};
		02532AF42B890A54001865A5 /* Views */ = {
			isa = PBXGroup;
			children = (
				02532AE62B88FD57001865A5 /* ContentView.swift */,
				02532B092B893E32001865A5 /* RoundImageViewStroked.swift */,
				02532B052B891F93001865A5 /* TextViews.swift */,
				02532B072B89318E001865A5 /* Shapes.swift */,
				02532B0B2B8941B9001865A5 /* BackgroundView.swift */,
				02532B0D2B8982F4001865A5 /* PointsView.swift */,
				02532B132B8A2F70001865A5 /* LeaderboardView.swift */,
			);
			path = Views;
			sourceTree = "<group>";
		};
		02532AF52B890A63001865A5 /* App */ = {
			isa = PBXGroup;
			children = (
				02532AE82B88FD58001865A5 /* Assets.xcassets */,
				02532AE42B88FD57001865A5 /* BullseyeApp.swift */,
			);
			path = App;
			sourceTree = "<group>";
		};
		02532AFD2B891297001865A5 /* BullseyeTests */ = {
			isa = PBXGroup;
			children = (
				02532AFE2B891297001865A5 /* BullseyeTests.swift */,
			);
			path = BullseyeTests;
			sourceTree = "<group>";
		};
/* End PBXGroup section */

/* Begin PBXNativeTarget section */
		02532AE02B88FD57001865A5 /* Bullseye */ = {
			isa = PBXNativeTarget;
			buildConfigurationList = 02532AEF2B88FD58001865A5 /* Build configuration list for PBXNativeTarget "Bullseye" */;
			buildPhases = (
				02532ADD2B88FD57001865A5 /* Sources */,
				02532ADE2B88FD57001865A5 /* Frameworks */,
				02532ADF2B88FD57001865A5 /* Resources */,
			);
			buildRules = (
			);
			dependencies = (
			);
			name = Bullseye;
			productName = Bullseye;
			productReference = 02532AE12B88FD57001865A5 /* Bullseye.app */;
			productType = "com.apple.product-type.application";
		};
		02532AFB2B891297001865A5 /* BullseyeTests */ = {
			isa = PBXNativeTarget;
			buildConfigurationList = 02532B022B891297001865A5 /* Build configuration list for PBXNativeTarget "BullseyeTests" */;
			buildPhases = (
				02532AF82B891297001865A5 /* Sources */,
				02532AF92B891297001865A5 /* Frameworks */,
				02532AFA2B891297001865A5 /* Resources */,
			);
			buildRules = (
			);
			dependencies = (
				02532B012B891297001865A5 /* PBXTargetDependency */,
			);
			name = BullseyeTests;
			productName = BullseyeTests;
			productReference = 02532AFC2B891297001865A5 /* BullseyeTests.xctest */;
			productType = "com.apple.product-type.bundle.unit-test";
		};
/* End PBXNativeTarget section */

/* Begin PBXProject section */
		02532AD92B88FD57001865A5 /* Project object */ = {
			isa = PBXProject;
			attributes = {
				BuildIndependentTargetsInParallel = 1;
				LastSwiftUpdateCheck = 1430;
				LastUpgradeCheck = 1430;
				TargetAttributes = {
					02532AE02B88FD57001865A5 = {
						CreatedOnToolsVersion = 14.3.1;
					};
					02532AFB2B891297001865A5 = {
						CreatedOnToolsVersion = 14.3.1;
						TestTargetID = 02532AE02B88FD57001865A5;
					};
				};
			};
			buildConfigurationList = 02532ADC2B88FD57001865A5 /* Build configuration list for PBXProject "Bullseye" */;
			compatibilityVersion = "Xcode 14.0";
			developmentRegion = en;
			hasScannedForEncodings = 0;
			knownRegions = (
				en,
				Base,
			);
			mainGroup = 02532AD82B88FD57001865A5;
			productRefGroup = 02532AE22B88FD57001865A5 /* Products */;
			projectDirPath = "";
			projectRoot = "";
			targets = (
				02532AE02B88FD57001865A5 /* Bullseye */,
				02532AFB2B891297001865A5 /* BullseyeTests */,
			);
		};
/* End PBXProject section */

/* Begin PBXResourcesBuildPhase section */
		02532ADF2B88FD57001865A5 /* Resources */ = {
			isa = PBXResourcesBuildPhase;
			buildActionMask = 2147483647;
			files = (
				02532AEC2B88FD58001865A5 /* Preview Assets.xcassets in Resources */,
				02532AE92B88FD58001865A5 /* Assets.xcassets in Resources */,
			);
			runOnlyForDeploymentPostprocessing = 0;
		};
		02532AFA2B891297001865A5 /* Resources */ = {
			isa = PBXResourcesBuildPhase;
			buildActionMask = 2147483647;
			files = (
			);
			runOnlyForDeploymentPostprocessing = 0;
		};
/* End PBXResourcesBuildPhase section */

/* Begin PBXSourcesBuildPhase section */
		02532ADD2B88FD57001865A5 /* Sources */ = {
			isa = PBXSourcesBuildPhase;
			buildActionMask = 2147483647;
			files = (
				02532B142B8A2F70001865A5 /* LeaderboardView.swift in Sources */,
				02532B0A2B893E32001865A5 /* RoundImageViewStroked.swift in Sources */,
				02532AE72B88FD57001865A5 /* ContentView.swift in Sources */,
				02532B062B891F93001865A5 /* TextViews.swift in Sources */,
				02532B0E2B8982F4001865A5 /* PointsView.swift in Sources */,
				02532B0C2B8941B9001865A5 /* BackgroundView.swift in Sources */,
				02532B082B89318E001865A5 /* Shapes.swift in Sources */,
				02532AF72B890A86001865A5 /* Game.swift in Sources */,
				02532AE52B88FD57001865A5 /* BullseyeApp.swift in Sources */,
				02532B102B899123001865A5 /* Constants.swift in Sources */,
			);
			runOnlyForDeploymentPostprocessing = 0;
		};
		02532AF82B891297001865A5 /* Sources */ = {
			isa = PBXSourcesBuildPhase;
			buildActionMask = 2147483647;
			files = (
				02532AFF2B891297001865A5 /* BullseyeTests.swift in Sources */,
			);
			runOnlyForDeploymentPostprocessing = 0;
		};
/* End PBXSourcesBuildPhase section */

/* Begin PBXTargetDependency section */
		02532B012B891297001865A5 /* PBXTargetDependency */ = {
			isa = PBXTargetDependency;
			target = 02532AE02B88FD57001865A5 /* Bullseye */;
			targetProxy = 02532B002B891297001865A5 /* PBXContainerItemProxy */;
		};
/* End PBXTargetDependency section */

/* Begin XCBuildConfiguration section */
		02532AED2B88FD58001865A5 /* Debug */ = {
			isa = XCBuildConfiguration;
			buildSettings = {
				ALWAYS_SEARCH_USER_PATHS = NO;
				CLANG_ANALYZER_NONNULL = YES;
				CLANG_ANALYZER_NUMBER_OBJECT_CONVERSION = YES_AGGRESSIVE;
				CLANG_CXX_LANGUAGE_STANDARD = "gnu++20";
				CLANG_ENABLE_MODULES = YES;
				CLANG_ENABLE_OBJC_ARC = YES;
				CLANG_ENABLE_OBJC_WEAK = YES;
				CLANG_WARN_BLOCK_CAPTURE_AUTORELEASING = YES;
				CLANG_WARN_BOOL_CONVERSION = YES;
				CLANG_WARN_COMMA = YES;
				CLANG_WARN_CONSTANT_CONVERSION = YES;
				CLANG_WARN_DEPRECATED_OBJC_IMPLEMENTATIONS = YES;
				CLANG_WARN_DIRECT_OBJC_ISA_USAGE = YES_ERROR;
				CLANG_WARN_DOCUMENTATION_COMMENTS = YES;
				CLANG_WARN_EMPTY_BODY = YES;
				CLANG_WARN_ENUM_CONVERSION = YES;
				CLANG_WARN_INFINITE_RECURSION = YES;
				CLANG_WARN_INT_CONVERSION = YES;
				CLANG_WARN_NON_LITERAL_NULL_CONVERSION = YES;
				CLANG_WARN_OBJC_IMPLICIT_RETAIN_SELF = YES;
				CLANG_WARN_OBJC_LITERAL_CONVERSION = YES;
				CLANG_WARN_OBJC_ROOT_CLASS = YES_ERROR;
				CLANG_WARN_QUOTED_INCLUDE_IN_FRAMEWORK_HEADER = YES;
				CLANG_WARN_RANGE_LOOP_ANALYSIS = YES;
				CLANG_WARN_STRICT_PROTOTYPES = YES;
				CLANG_WARN_SUSPICIOUS_MOVE = YES;
				CLANG_WARN_UNGUARDED_AVAILABILITY = YES_AGGRESSIVE;
				CLANG_WARN_UNREACHABLE_CODE = YES;
				CLANG_WARN__DUPLICATE_METHOD_MATCH = YES;
				COPY_PHASE_STRIP = NO;
				DEBUG_INFORMATION_FORMAT = dwarf;
				ENABLE_STRICT_OBJC_MSGSEND = YES;
				ENABLE_TESTABILITY = YES;
				GCC_C_LANGUAGE_STANDARD = gnu11;
				GCC_DYNAMIC_NO_PIC = NO;
				GCC_NO_COMMON_BLOCKS = YES;
				GCC_OPTIMIZATION_LEVEL = 0;
				GCC_PREPROCESSOR_DEFINITIONS = (
					"DEBUG=1",
					"$(inherited)",
				);
				GCC_WARN_64_TO_32_BIT_CONVERSION = YES;
				GCC_WARN_ABOUT_RETURN_TYPE = YES_ERROR;
				GCC_WARN_UNDECLARED_SELECTOR = YES;
				GCC_WARN_UNINITIALIZED_AUTOS = YES_AGGRESSIVE;
				GCC_WARN_UNUSED_FUNCTION = YES;
				GCC_WARN_UNUSED_VARIABLE = YES;
				IPHONEOS_DEPLOYMENT_TARGET = 16.4;
				MTL_ENABLE_DEBUG_INFO = INCLUDE_SOURCE;
				MTL_FAST_MATH = YES;
				ONLY_ACTIVE_ARCH = YES;
				SDKROOT = iphoneos;
				SWIFT_ACTIVE_COMPILATION_CONDITIONS = DEBUG;
				SWIFT_OPTIMIZATION_LEVEL = "-Onone";
			};
			name = Debug;
		};
		02532AEE2B88FD58001865A5 /* Release */ = {
			isa = XCBuildConfiguration;
			buildSettings = {
				ALWAYS_SEARCH_USER_PATHS = NO;
				CLANG_ANALYZER_NONNULL = YES;
				CLANG_ANALYZER_NUMBER_OBJECT_CONVERSION = YES_AGGRESSIVE;
				CLANG_CXX_LANGUAGE_STANDARD = "gnu++20";
				CLANG_ENABLE_MODULES = YES;
				CLANG_ENABLE_OBJC_ARC = YES;
				CLANG_ENABLE_OBJC_WEAK = YES;
				CLANG_WARN_BLOCK_CAPTURE_AUTORELEASING = YES;
				CLANG_WARN_BOOL_CONVERSION = YES;
				CLANG_WARN_COMMA = YES;
				CLANG_WARN_CONSTANT_CONVERSION = YES;
				CLANG_WARN_DEPRECATED_OBJC_IMPLEMENTATIONS = YES;
				CLANG_WARN_DIRECT_OBJC_ISA_USAGE = YES_ERROR;
				CLANG_WARN_DOCUMENTATION_COMMENTS = YES;
				CLANG_WARN_EMPTY_BODY = YES;
				CLANG_WARN_ENUM_CONVERSION = YES;
				CLANG_WARN_INFINITE_RECURSION = YES;
				CLANG_WARN_INT_CONVERSION = YES;
				CLANG_WARN_NON_LITERAL_NULL_CONVERSION = YES;
				CLANG_WARN_OBJC_IMPLICIT_RETAIN_SELF = YES;
				CLANG_WARN_OBJC_LITERAL_CONVERSION = YES;
				CLANG_WARN_OBJC_ROOT_CLASS = YES_ERROR;
				CLANG_WARN_QUOTED_INCLUDE_IN_FRAMEWORK_HEADER = YES;
				CLANG_WARN_RANGE_LOOP_ANALYSIS = YES;
				CLANG_WARN_STRICT_PROTOTYPES = YES;
				CLANG_WARN_SUSPICIOUS_MOVE = YES;
				CLANG_WARN_UNGUARDED_AVAILABILITY = YES_AGGRESSIVE;
				CLANG_WARN_UNREACHABLE_CODE = YES;
				CLANG_WARN__DUPLICATE_METHOD_MATCH = YES;
				COPY_PHASE_STRIP = NO;
				DEBUG_INFORMATION_FORMAT = "dwarf-with-dsym";
				ENABLE_NS_ASSERTIONS = NO;
				ENABLE_STRICT_OBJC_MSGSEND = YES;
				GCC_C_LANGUAGE_STANDARD = gnu11;
				GCC_NO_COMMON_BLOCKS = YES;
				GCC_WARN_64_TO_32_BIT_CONVERSION = YES;
				GCC_WARN_ABOUT_RETURN_TYPE = YES_ERROR;
				GCC_WARN_UNDECLARED_SELECTOR = YES;
				GCC_WARN_UNINITIALIZED_AUTOS = YES_AGGRESSIVE;
				GCC_WARN_UNUSED_FUNCTION = YES;
				GCC_WARN_UNUSED_VARIABLE = YES;
				IPHONEOS_DEPLOYMENT_TARGET = 16.4;
				MTL_ENABLE_DEBUG_INFO = NO;
				MTL_FAST_MATH = YES;
				SDKROOT = iphoneos;
				SWIFT_COMPILATION_MODE = wholemodule;
				SWIFT_OPTIMIZATION_LEVEL = "-O";
				VALIDATE_PRODUCT = YES;
			};
			name = Release;
		};
		02532AF02B88FD58001865A5 /* Debug */ = {
			isa = XCBuildConfiguration;
			buildSettings = {
				ASSETCATALOG_COMPILER_APPICON_NAME = AppIcon;
				ASSETCATALOG_COMPILER_GLOBAL_ACCENT_COLOR_NAME = AccentColor;
				CODE_SIGN_STYLE = Automatic;
				CURRENT_PROJECT_VERSION = 1;
				DEVELOPMENT_ASSET_PATHS = "\"Bullseye/Preview Content\"";
				DEVELOPMENT_TEAM = L8UMZZA972;
				ENABLE_PREVIEWS = YES;
				GENERATE_INFOPLIST_FILE = YES;
				INFOPLIST_KEY_CFBundleDisplayName = "  bull";
				INFOPLIST_KEY_UIApplicationSceneManifest_Generation = YES;
				INFOPLIST_KEY_UIApplicationSupportsIndirectInputEvents = YES;
				INFOPLIST_KEY_UILaunchScreen_Generation = YES;
				INFOPLIST_KEY_UISupportedInterfaceOrientations_iPad = "UIInterfaceOrientationPortrait UIInterfaceOrientationPortraitUpsideDown UIInterfaceOrientationLandscapeLeft UIInterfaceOrientationLandscapeRight";
				INFOPLIST_KEY_UISupportedInterfaceOrientations_iPhone = "UIInterfaceOrientationPortrait UIInterfaceOrientationLandscapeLeft UIInterfaceOrientationLandscapeRight";
				LD_RUNPATH_SEARCH_PATHS = (
					"$(inherited)",
					"@executable_path/Frameworks",
				);
				MARKETING_VERSION = 1.0;
				PRODUCT_BUNDLE_IDENTIFIER = com.sofia.Bullseye;
				PRODUCT_NAME = "$(TARGET_NAME)";
				SWIFT_EMIT_LOC_STRINGS = YES;
				SWIFT_VERSION = 5.0;
				TARGETED_DEVICE_FAMILY = "1,2";
			};
			name = Debug;
		};
		02532AF12B88FD58001865A5 /* Release */ = {
			isa = XCBuildConfiguration;
			buildSettings = {
				ASSETCATALOG_COMPILER_APPICON_NAME = AppIcon;
				ASSETCATALOG_COMPILER_GLOBAL_ACCENT_COLOR_NAME = AccentColor;
				CODE_SIGN_STYLE = Automatic;
				CURRENT_PROJECT_VERSION = 1;
				DEVELOPMENT_ASSET_PATHS = "\"Bullseye/Preview Content\"";
				DEVELOPMENT_TEAM = L8UMZZA972;
				ENABLE_PREVIEWS = YES;
				GENERATE_INFOPLIST_FILE = YES;
				INFOPLIST_KEY_CFBundleDisplayName = "  bull";
				INFOPLIST_KEY_UIApplicationSceneManifest_Generation = YES;
				INFOPLIST_KEY_UIApplicationSupportsIndirectInputEvents = YES;
				INFOPLIST_KEY_UILaunchScreen_Generation = YES;
				INFOPLIST_KEY_UISupportedInterfaceOrientations_iPad = "UIInterfaceOrientationPortrait UIInterfaceOrientationPortraitUpsideDown UIInterfaceOrientationLandscapeLeft UIInterfaceOrientationLandscapeRight";
				INFOPLIST_KEY_UISupportedInterfaceOrientations_iPhone = "UIInterfaceOrientationPortrait UIInterfaceOrientationLandscapeLeft UIInterfaceOrientationLandscapeRight";
				LD_RUNPATH_SEARCH_PATHS = (
					"$(inherited)",
					"@executable_path/Frameworks",
				);
				MARKETING_VERSION = 1.0;
				PRODUCT_BUNDLE_IDENTIFIER = com.sofia.Bullseye;
				PRODUCT_NAME = "$(TARGET_NAME)";
				SWIFT_EMIT_LOC_STRINGS = YES;
				SWIFT_VERSION = 5.0;
				TARGETED_DEVICE_FAMILY = "1,2";
			};
			name = Release;
		};
		02532B032B891297001865A5 /* Debug */ = {
			isa = XCBuildConfiguration;
			buildSettings = {
				BUNDLE_LOADER = "$(TEST_HOST)";
				CODE_SIGN_STYLE = Automatic;
				CURRENT_PROJECT_VERSION = 1;
				DEVELOPMENT_TEAM = L8UMZZA972;
				GENERATE_INFOPLIST_FILE = YES;
				IPHONEOS_DEPLOYMENT_TARGET = 16.4;
				MACOSX_DEPLOYMENT_TARGET = 13.3;
				MARKETING_VERSION = 1.0;
				PRODUCT_BUNDLE_IDENTIFIER = com.sofia.BullseyeTests;
				PRODUCT_NAME = "$(TARGET_NAME)";
				SDKROOT = auto;
				SUPPORTED_PLATFORMS = "iphoneos iphonesimulator macosx";
				SWIFT_EMIT_LOC_STRINGS = NO;
				SWIFT_VERSION = 5.0;
				TARGETED_DEVICE_FAMILY = "1,2";
				TEST_HOST = "$(BUILT_PRODUCTS_DIR)/Bullseye.app/$(BUNDLE_EXECUTABLE_FOLDER_PATH)/Bullseye";
			};
			name = Debug;
		};
		02532B042B891297001865A5 /* Release */ = {
			isa = XCBuildConfiguration;
			buildSettings = {
				BUNDLE_LOADER = "$(TEST_HOST)";
				CODE_SIGN_STYLE = Automatic;
				CURRENT_PROJECT_VERSION = 1;
				DEVELOPMENT_TEAM = L8UMZZA972;
				GENERATE_INFOPLIST_FILE = YES;
				IPHONEOS_DEPLOYMENT_TARGET = 16.4;
				MACOSX_DEPLOYMENT_TARGET = 13.3;
				MARKETING_VERSION = 1.0;
				PRODUCT_BUNDLE_IDENTIFIER = com.sofia.BullseyeTests;
				PRODUCT_NAME = "$(TARGET_NAME)";
				SDKROOT = auto;
				SUPPORTED_PLATFORMS = "iphoneos iphonesimulator macosx";
				SWIFT_EMIT_LOC_STRINGS = NO;
				SWIFT_VERSION = 5.0;
				TARGETED_DEVICE_FAMILY = "1,2";
				TEST_HOST = "$(BUILT_PRODUCTS_DIR)/Bullseye.app/$(BUNDLE_EXECUTABLE_FOLDER_PATH)/Bullseye";
			};
			name = Release;
		};
/* End XCBuildConfiguration section */

/* Begin XCConfigurationList section */
		02532ADC2B88FD57001865A5 /* Build configuration list for PBXProject "Bullseye" */ = {
			isa = XCConfigurationList;
			buildConfigurations = (
				02532AED2B88FD58001865A5 /* Debug */,
				02532AEE2B88FD58001865A5 /* Release */,
			);
			defaultConfigurationIsVisible = 0;
			defaultConfigurationName = Release;
		};
		02532AEF2B88FD58001865A5 /* Build configuration list for PBXNativeTarget "Bullseye" */ = {
			isa = XCConfigurationList;
			buildConfigurations = (
				02532AF02B88FD58001865A5 /* Debug */,
				02532AF12B88FD58001865A5 /* Release */,
			);
			defaultConfigurationIsVisible = 0;
			defaultConfigurationName = Release;
		};
		02532B022B891297001865A5 /* Build configuration list for PBXNativeTarget "BullseyeTests" */ = {
			isa = XCConfigurationList;
			buildConfigurations = (
				02532B032B891297001865A5 /* Debug */,
				02532B042B891297001865A5 /* Release */,
			);
			defaultConfigurationIsVisible = 0;
			defaultConfigurationName = Release;
		};
/* End XCConfigurationList section */
	};
	rootObject = 02532AD92B88FD57001865A5 /* Project object */;
}
